{
          "name": "timezone",
          "version": "1.0.23",
          "lockfileVersion": 1,
          "requires": true,
          "dependencies": {
                    "abend": {
                              "version": "1.0.11",
                              "resolved": "https://registry.npmjs.org/abend/-/abend-1.0.11.tgz",
                              "integrity": "sha512-WdxoXvQPrKPz1TV3g20CFFyfZ+mux3xV42++JanQJFW9Zymxft5S9uSmXBpdvghblXD1ul1udzuEWqPxy9rAyQ==",
                              "dev": true
                    },
                    "arguable": {
                              "version": "5.0.6",
                              "resolved": "https://registry.npmjs.org/arguable/-/arguable-5.0.6.tgz",
                              "integrity": "sha1-B6dq/W7l3fqdhBk0SHvnS+ocLwk=",
                              "dev": true,
                              "requires": {
                                        "cadence": "1.0.x",
                                        "interrupt": "5.0.x",
                                        "rescue": "3.0.x",
                                        "synonymous": "1.0.x"
                              }
                    },
                    "bintrees": {
                              "version": "1.0.1",
                              "resolved": "https://registry.npmjs.org/bintrees/-/bintrees-1.0.1.tgz",
                              "integrity": "sha1-DmVcm5wkNeqraL9AJyJtK1WjRSQ=",
                              "dev": true
                    },
                    "byline": {
                              "version": "5.0.0",
                              "resolved": "https://registry.npmjs.org/byline/-/byline-5.0.0.tgz",
                              "integrity": "sha1-dBxSFkaOrcRXsDQQEYrXfejB3bE=",
                              "dev": true
                    },
                    "cadence": {
                              "version": "1.0.12",
                              "resolved": "https://registry.npmjs.org/cadence/-/cadence-1.0.12.tgz",
                              "integrity": "sha512-9YJbhySTUaMBKz3IVcXbpw70K7swnBlD/LFY59zfwZ5U5sHXvZQUCCHSPdENdCKQ4XmN+GpFJrGF/yBZ73jMMw==",
                              "dev": true
                    },
                    "commander": {
                              "version": "2.11.0",
                              "resolved": "https://registry.npmjs.org/commander/-/commander-2.11.0.tgz",
                              "integrity": "sha512-b0553uYA5YAEGgyYIGYROzKQ7X5RAqedkfjiZxwi0kL1g3bOaBNNZfYkzt/CL0umgD5wc9Jec2FbB98CjkMRvQ==",
                              "dev": true
                    },
                    "deep-diff": {
                              "version": "0.3.4",
                              "resolved": "https://registry.npmjs.org/deep-diff/-/deep-diff-0.3.4.tgz",
                              "integrity": "sha1-qsXDmVIjar5fA3ojSQYLoBsArkg=",
                              "dev": true
                    },
                    "deep-equal": {
                              "version": "1.0.1",
                              "resolved": "https://registry.npmjs.org/deep-equal/-/deep-equal-1.0.1.tgz",
                              "integrity": "sha1-9dJgKStmDghO/0zbyfCK0yR0SLU=",
                              "dev": true
                    },
                    "delta": {
                              "version": "1.2.9",
                              "resolved": "https://registry.npmjs.org/delta/-/delta-1.2.9.tgz",
                              "integrity": "sha512-/N/I3qJXC/UjSh5C0eU9DkvIQYKr3qkicoAaV15N9CTfixnCgGiiEBbcv5bQuesoUBmDYC9jWQmHCI+6ejbX+A==",
                              "dev": true
                    },
                    "departure": {
                              "version": "0.0.3",
                              "resolved": "https://registry.npmjs.org/departure/-/departure-0.0.3.tgz",
                              "integrity": "sha1-OhXYduGUIALeLUFsR/LQlJcIpbo=",
                              "dev": true,
                              "requires": {
                                        "deep-diff": "0.3.4",
                                        "deep-equal": "1.0.1"
                              }
                    },
                    "destructible": {
                              "version": "0.8.0",
                              "resolved": "https://registry.npmjs.org/destructible/-/destructible-0.8.0.tgz",
                              "integrity": "sha1-42PJ3T5N1f0VYvVXHr3yXa231Eo=",
                              "dev": true,
                              "requires": {
                                        "cadence": "1.0.x",
                                        "extant": "1.0.x",
                                        "happenstance": "3.4.x",
                                        "interrupt": "5.0.x",
                                        "keyify": "0.0.x",
                                        "monotonic": "3.0.x",
                                        "nop": "1.0.0",
                                        "operation": "1.4.x",
                                        "procession": "0.4.x",
                                        "signal": "1.10.x"
                              }
                    },
                    "expandable": {
                              "version": "0.0.6",
                              "resolved": "https://registry.npmjs.org/expandable/-/expandable-0.0.6.tgz",
                              "integrity": "sha1-U8NTlKdEXj1GRlriL0oAkQiqdPw=",
                              "dev": true
                    },
                    "extant": {
                              "version": "1.0.21",
                              "resolved": "https://registry.npmjs.org/extant/-/extant-1.0.21.tgz",
                              "integrity": "sha512-ZxbVy8xvxvB2wiH63JmuJnq71jlbToWr0ZdlVn+x8l5XwUUA6wx2Qbe6c0Hu64xJSdaLDKRi7o0iLTMKrk9X/w==",
                              "dev": true
                    },
                    "happenstance": {
                              "version": "3.4.1",
                              "resolved": "https://registry.npmjs.org/happenstance/-/happenstance-3.4.1.tgz",
                              "integrity": "sha1-lqDuRymUF86JJ96O/sw+Rexo+Uw=",
                              "dev": true,
                              "requires": {
                                        "bintrees": "1.0.1",
                                        "operation": "1.4.x",
                                        "procession": "0.4.x"
                              }
                    },
                    "interrupt": {
                              "version": "5.0.7",
                              "resolved": "https://registry.npmjs.org/interrupt/-/interrupt-5.0.7.tgz",
                              "integrity": "sha512-j562pj5z2FjVPTdC+99pq0d3/jpZw115MxNYMctKK9wckgGj2T9dxB31mSA2B6H3xHwZZtmYl3i98by/hi9WfA==",
                              "dev": true
                    },
                    "keyify": {
                              "version": "0.0.6",
                              "resolved": "https://registry.npmjs.org/keyify/-/keyify-0.0.6.tgz",
                              "integrity": "sha512-j1GwL68XI3mAbcWmfNGwCB7d4yTHm72XcJMv8JGXg3smdZCsPL3lW2Bh7SJb3gHmjTAZoFdzvKXIfuYeSxUFzw==",
                              "dev": true
                    },
                    "monotonic": {
                              "version": "3.0.8",
                              "resolved": "https://registry.npmjs.org/monotonic/-/monotonic-3.0.8.tgz",
                              "integrity": "sha512-RsAMnq31VpEmqbJsxXbz+PBwxY/pSshzy6gMKezKrlFz7G3e1m/B+v9vneVNfF7ByhiAKF9+sJRBfU47Wo8ukQ==",
                              "dev": true
                    },
                    "nop": {
                              "version": "1.0.0",
                              "resolved": "https://registry.npmjs.org/nop/-/nop-1.0.0.tgz",
                              "integrity": "sha1-y0bPfgFXSqY5CFgUn2aJev5Tyco=",
                              "dev": true
                    },
                    "operation": {
                              "version": "1.4.0",
                              "resolved": "https://registry.npmjs.org/operation/-/operation-1.4.0.tgz",
                              "integrity": "sha1-CqaL1AomswwDHC0Ntf+fcTcbnYI=",
                              "dev": true
                    },
                    "procession": {
                              "version": "0.4.0",
                              "resolved": "https://registry.npmjs.org/procession/-/procession-0.4.0.tgz",
                              "integrity": "sha1-BkJBni0gkJgKHdAsllvu9JpuRi8=",
                              "dev": true,
                              "requires": {
                                        "abend": "1.0.x",
                                        "bintrees": "1.0.1",
                                        "cadence": "1.0.x",
                                        "extant": "1.0.1",
                                        "interrupt": "5.0.x",
                                        "nop": "1.0.0",
                                        "operation": "1.4.x",
                                        "signal": "1.10.x"
                              },
                              "dependencies": {
                                        "extant": {
                                                  "version": "1.0.1",
                                                  "resolved": "https://registry.npmjs.org/extant/-/extant-1.0.1.tgz",
                                                  "integrity": "sha1-6NahAVOfLZUH+tGpt/QpvRwm00Y=",
                                                  "dev": true
                                        }
                              }
                    },
                    "proof": {
                              "version": "1.2.10",
                              "resolved": "https://registry.npmjs.org/proof/-/proof-1.2.10.tgz",
                              "integrity": "sha1-MPt+HrqRUPf3RYt8gZU/v2+KRZA=",
                              "dev": true,
                              "requires": {
                                        "arguable": "5.0.x",
                                        "byline": "5.0.0",
                                        "cadence": "1.0.x",
                                        "deep-equal": "1.0.1",
                                        "delta": "1.2.x",
                                        "departure": "0.0.3",
                                        "expandable": "0.0.6",
                                        "staccato": "3.0.x",
                                        "turnstile": "2.2.9"
                              }
                    },
                    "rescue": {
                              "version": "3.0.0",
                              "resolved": "https://registry.npmjs.org/rescue/-/rescue-3.0.0.tgz",
                              "integrity": "sha1-1bMRAdKMSej2R7spBLtMfTkeZU4=",
                              "dev": true
                    },
                    "signal": {
                              "version": "1.10.3",
                              "resolved": "https://registry.npmjs.org/signal/-/signal-1.10.3.tgz",
                              "integrity": "sha1-1vYYPo7qsfwhCZoKOKo1RtlZN/I=",
                              "dev": true,
                              "requires": {
                                        "operation": "1.6.x"
                              },
                              "dependencies": {
                                        "operation": {
                                                  "version": "1.6.5",
                                                  "resolved": "https://registry.npmjs.org/operation/-/operation-1.6.5.tgz",
                                                  "integrity": "sha512-d1OqFpA+QBTsRgXli8L/m9hRlQMJoRbRCiOPIYmZWXzYNtOLFzHkD68+dgCxvzctBdLJnE1AOrg3s1YaIlqz1g==",
                                                  "dev": true
                                        }
                              }
                    },
                    "source-map": {
                              "version": "0.6.1",
                              "resolved": "https://registry.npmjs.org/source-map/-/source-map-0.6.1.tgz",
                              "integrity": "sha512-UjgapumWlbMhkBgzT7Ykc5YXUT46F0iKu8SGXq0bcwP5dz/h0Plj6enJqjz1Zbq2l5WaqYnrVbwWOWMyF3F47g==",
                              "dev": true
                    },
                    "sprintf-js": {
                              "version": "1.1.2",
                              "resolved": "https://registry.npmjs.org/sprintf-js/-/sprintf-js-1.1.2.tgz",
                              "integrity": "sha512-VE0SOVEHCk7Qc8ulkWw3ntAzXuqf7S2lvwQaDLRnUeIEaKNQJzV6BwmLKhOqT61aGhfUMrXeaBk+oDGCzvhcug==",
                              "dev": true
                    },
                    "staccato": {
                              "version": "3.0.9",
                              "resolved": "https://registry.npmjs.org/staccato/-/staccato-3.0.9.tgz",
                              "integrity": "sha1-b4h6q6y0LcMiImQRMeIH0B9WsX4=",
                              "dev": true,
                              "requires": {
                                        "cadence": "1.0.x",
                                        "delta": "1.2.0",
                                        "destructible": "0.8.x",
                                        "interrupt": "5.0.x"
                              },
                              "dependencies": {
                                        "delta": {
                                                  "version": "1.2.0",
                                                  "resolved": "https://registry.npmjs.org/delta/-/delta-1.2.0.tgz",
                                                  "integrity": "sha1-r84inY85jRpBcvxkseYmo+qvPXs=",
                                                  "dev": true
                                        }
                              }
                    },
                    "synonymous": {
                              "version": "1.0.23",
                              "resolved": "https://registry.npmjs.org/synonymous/-/synonymous-1.0.23.tgz",
                              "integrity": "sha512-tAZZuqE4sXkOMe3eGh1FlQH9x61WwJDD1n5GYhUPyTio10IEi7omAZrRaK/qeJEk8mN+4xJHVqUnr2/gg6BMHg==",
                              "dev": true,
                              "requires": {
                                        "sprintf-js": "1.1.2"
                              }
                    },
                    "turnstile": {
                              "version": "2.2.9",
                              "resolved": "https://registry.npmjs.org/turnstile/-/turnstile-2.2.9.tgz",
                              "integrity": "sha1-dwMkkynBNuO1k1yyqSpEGkrc+Y0=",
                              "dev": true,
                              "requires": {
                                        "abend": "1.0.x",
                                        "cadence": "1.0.x",
                                        "extant": "0.0.1",
                                        "operation": "1.2.x"
                              },
                              "dependencies": {
                                        "extant": {
                                                  "version": "0.0.1",
                                                  "resolved": "https://registry.npmjs.org/extant/-/extant-0.0.1.tgz",
                                                  "integrity": "sha1-dYidl0J3Iq21m5u+MjBhpYbz9UU=",
                                                  "dev": true
                                        },
                                        "operation": {
                                                  "version": "1.2.6",
                                                  "resolved": "https://registry.npmjs.org/operation/-/operation-1.2.6.tgz",
                                                  "integrity": "sha1-VrFNtO3pdEBnVknt744trYRAOjs=",
                                                  "dev": true
                                        }
                              }
                    },
                    "uglify-js": {
                              "version": "3.1.10",
                              "resolved": "https://registry.npmjs.org/uglify-js/-/uglify-js-3.1.10.tgz",
                              "integrity": "sha512-0ul3BWx79We0mIPM1l72oqpMtWL0TVMnKZZY6FaHPy3tDzCZGXeFxw5N1ZvtkmQsLI+ECR/tUQyIYbyHUcuvEw==",
                              "dev": true,
                              "requires": {
                                        "commander": "~2.11.0",
                                        "source-map": "~0.6.1"
                              }
                    }
          }
}
